[[package]]
name = "flatbuffers"
version = "2.0"
description = "The FlatBuffers serialization format for Python"
category = "main"
optional = false
python-versions = "*"

[[package]]
name = "joblib"
version = "1.1.0"
description = "Lightweight pipelining with Python functions"
category = "main"
optional = false
python-versions = ">=3.6"

[[package]]
name = "lightgbm"
version = "3.3.2"
description = "LightGBM Python Package"
category = "main"
optional = false
python-versions = "*"

[package.dependencies]
numpy = "*"
scikit-learn = "!=0.22.0"
scipy = "*"

[package.extras]
dask = ["dask[array] (>=2.0.0)", "dask[dataframe] (>=2.0.0)", "dask[distributed] (>=2.0.0)", "pandas"]

[[package]]
name = "mecab-python3"
version = "1.0.4"
description = "Python wrapper for the MeCab morphological analyzer for Japanese"
category = "main"
optional = false
python-versions = "*"

[package.extras]
unidic = ["unidic"]
unidic-lite = ["unidic-lite"]

[[package]]
name = "numpy"
version = "1.22.2"
description = "NumPy is the fundamental package for array computing with Python."
category = "main"
optional = false
python-versions = ">=3.8"

[[package]]
name = "onnx"
version = "1.10.2"
description = "Open Neural Network Exchange"
category = "main"
optional = false
python-versions = "*"

[package.dependencies]
numpy = ">=1.16.6"
protobuf = "*"
six = "*"
typing-extensions = ">=3.6.2.1"

[package.extras]
mypy = ["mypy (==0.600)"]

[[package]]
name = "onnxconverter-common"
version = "1.9.0"
description = "ONNX Converter and Optimization Tools"
category = "main"
optional = false
python-versions = "*"

[package.dependencies]
numpy = "*"
onnx = "*"
protobuf = "*"

[[package]]
name = "onnxmltools"
version = "1.10.0"
description = "Converts Machine Learning models to ONNX"
category = "main"
optional = false
python-versions = "*"

[package.dependencies]
numpy = "*"
onnx = "*"
skl2onnx = "*"

[[package]]
name = "onnxruntime"
version = "1.10.0"
description = "ONNX Runtime is a runtime accelerator for Machine Learning models"
category = "main"
optional = false
python-versions = "*"

[package.dependencies]
flatbuffers = "*"
numpy = ">=1.16.6"
protobuf = "*"

[[package]]
name = "pandas"
version = "1.4.0"
description = "Powerful data structures for data analysis, time series, and statistics"
category = "main"
optional = false
python-versions = ">=3.8"

[package.dependencies]
numpy = [
    {version = ">=1.18.5", markers = "platform_machine != \"aarch64\" and platform_machine != \"arm64\" and python_version < \"3.10\""},
    {version = ">=1.19.2", markers = "platform_machine == \"aarch64\" and python_version < \"3.10\""},
    {version = ">=1.20.0", markers = "platform_machine == \"arm64\" and python_version < \"3.10\""},
    {version = ">=1.21.0", markers = "python_version >= \"3.10\""},
]
python-dateutil = ">=2.8.1"
pytz = ">=2020.1"

[package.extras]
test = ["hypothesis (>=5.5.3)", "pytest (>=6.0)", "pytest-xdist (>=1.31)"]

[[package]]
name = "protobuf"
version = "3.19.4"
description = "Protocol Buffers"
category = "main"
optional = false
python-versions = ">=3.5"

[[package]]
name = "python-dateutil"
version = "2.8.2"
description = "Extensions to the standard Python datetime module"
category = "main"
optional = false
python-versions = "!=3.0.*,!=3.1.*,!=3.2.*,>=2.7"

[package.dependencies]
six = ">=1.5"

[[package]]
name = "pytz"
version = "2021.3"
description = "World timezone definitions, modern and historical"
category = "main"
optional = false
python-versions = "*"

[[package]]
name = "scikit-learn"
version = "1.0.2"
description = "A set of python modules for machine learning and data mining"
category = "main"
optional = false
python-versions = ">=3.7"

[package.dependencies]
joblib = ">=0.11"
numpy = ">=1.14.6"
scipy = ">=1.1.0"
threadpoolctl = ">=2.0.0"

[package.extras]
benchmark = ["matplotlib (>=2.2.3)", "pandas (>=0.25.0)", "memory-profiler (>=0.57.0)"]
docs = ["matplotlib (>=2.2.3)", "scikit-image (>=0.14.5)", "pandas (>=0.25.0)", "seaborn (>=0.9.0)", "memory-profiler (>=0.57.0)", "sphinx (>=4.0.1)", "sphinx-gallery (>=0.7.0)", "numpydoc (>=1.0.0)", "Pillow (>=7.1.2)", "sphinx-prompt (>=1.3.0)", "sphinxext-opengraph (>=0.4.2)"]
examples = ["matplotlib (>=2.2.3)", "scikit-image (>=0.14.5)", "pandas (>=0.25.0)", "seaborn (>=0.9.0)"]
tests = ["matplotlib (>=2.2.3)", "scikit-image (>=0.14.5)", "pandas (>=0.25.0)", "pytest (>=5.0.1)", "pytest-cov (>=2.9.0)", "flake8 (>=3.8.2)", "black (>=21.6b0)", "mypy (>=0.770)", "pyamg (>=4.0.0)"]

[[package]]
name = "scipy"
version = "1.6.1"
description = "SciPy: Scientific Library for Python"
category = "main"
optional = false
python-versions = ">=3.7"

[package.dependencies]
numpy = ">=1.16.5"

[[package]]
name = "six"
version = "1.16.0"
description = "Python 2 and 3 compatibility utilities"
category = "main"
optional = false
python-versions = ">=2.7, !=3.0.*, !=3.1.*, !=3.2.*"

[[package]]
name = "skl2onnx"
version = "1.10.4"
description = "Convert scikit-learn models to ONNX"
category = "main"
optional = false
python-versions = "*"

[package.dependencies]
numpy = ">=1.15"
onnx = ">=1.2.1"
onnxconverter-common = ">=1.7.0"
protobuf = "*"
scikit-learn = ">=0.19"
scipy = ">=1.0"

[[package]]
name = "threadpoolctl"
version = "3.1.0"
description = "threadpoolctl"
category = "main"
optional = false
python-versions = ">=3.6"

[[package]]
name = "typing-extensions"
version = "4.0.1"
description = "Backported and Experimental Type Hints for Python 3.6+"
category = "main"
optional = false
python-versions = ">=3.6"

[metadata]
lock-version = "1.1"
python-versions = "^3.9"
content-hash = "9e445145e462b47f6fcbc9eaabc66c3e3bdc7a6ffa50b1cc4e3be7e959401e1e"

[metadata.files]
flatbuffers = [
    {file = "flatbuffers-2.0-py2.py3-none-any.whl", hash = "sha256:3751954f0604580d3219ae49a85fafec9d85eec599c0b96226e1bc0b48e57474"},
    {file = "flatbuffers-2.0.tar.gz", hash = "sha256:12158ab0272375eab8db2d663ae97370c33f152b27801fa6024e1d6105fd4dd2"},
]
joblib = [
    {file = "joblib-1.1.0-py2.py3-none-any.whl", hash = "sha256:f21f109b3c7ff9d95f8387f752d0d9c34a02aa2f7060c2135f465da0e5160ff6"},
    {file = "joblib-1.1.0.tar.gz", hash = "sha256:4158fcecd13733f8be669be0683b96ebdbbd38d23559f54dca7205aea1bf1e35"},
]
lightgbm = [
    {file = "lightgbm-3.3.2-py3-none-macosx_10_14_x86_64.macosx_10_15_x86_64.macosx_11_0_x86_64.whl", hash = "sha256:2e94bd1b3ab29d173102c9c1d80db2e27ad7e43b8ff5a74c5cb7984b37d19f45"},
    {file = "lightgbm-3.3.2-py3-none-manylinux1_x86_64.whl", hash = "sha256:f4cba3b4f29336ad7e801cb32d9b948ea4cc5300dda650b78bcdfe36b3e2c4b2"},
    {file = "lightgbm-3.3.2-py3-none-manylinux2014_aarch64.whl", hash = "sha256:8e788c56853316fc5d35db726d81bd002c721038c856853952287f68082e0158"},
    {file = "lightgbm-3.3.2-py3-none-win_amd64.whl", hash = "sha256:e4f1529cad416066964f9af0efad208787861e9f2181b7f9ee7fc9bacc082d4f"},
    {file = "lightgbm-3.3.2.tar.gz", hash = "sha256:5d25d16e77c844c297ece2044df57651139bc3c8ad8c4108916374267ac68b64"},
]
mecab-python3 = [
    {file = "mecab-python3-1.0.4.tar.gz", hash = "sha256:b150ad5fe4260539b4ef184657e552ef81307fbbe60ae1f258bc814549ea90f8"},
    {file = "mecab_python3-1.0.4-cp36-cp36m-macosx_10_14_x86_64.whl", hash = "sha256:3c7e87c65160e5e4edb08cb80dbce50f4e711c53f45063321aab72ab2566ffe4"},
    {file = "mecab_python3-1.0.4-cp36-cp36m-manylinux_2_17_aarch64.manylinux2014_aarch64.whl", hash = "sha256:b2fbed960ef82f4192b31efd88af1f3c24cd1692b62720ed70d7e314a50f581e"},
    {file = "mecab_python3-1.0.4-cp36-cp36m-manylinux_2_5_x86_64.manylinux1_x86_64.whl", hash = "sha256:cb6eb6cc47e3937a2edfaa9595dc2d165ed9f025e3a53bd0a5033a12fa6bcdcf"},
    {file = "mecab_python3-1.0.4-cp36-cp36m-win_amd64.whl", hash = "sha256:b149b51f0f62c9512d219c9e79c6db2eb66e70863a97eb412d8fc3ba7a25f351"},
    {file = "mecab_python3-1.0.4-cp37-cp37m-macosx_10_14_x86_64.whl", hash = "sha256:c1606b35df0136b3e9dc7add2e69d2c1151e69fd5675c0cde62d0b017b2319e7"},
    {file = "mecab_python3-1.0.4-cp37-cp37m-manylinux_2_17_aarch64.manylinux2014_aarch64.whl", hash = "sha256:53b0b899ef03f364bfd7fa28f260ee1e893e4f47ff90a141a522709b892f0a4e"},
    {file = "mecab_python3-1.0.4-cp37-cp37m-manylinux_2_5_x86_64.manylinux1_x86_64.whl", hash = "sha256:52a789c708f8b89044236201eb03c7fe5517fad5210a9de2230c7d99a2a8c760"},
    {file = "mecab_python3-1.0.4-cp37-cp37m-win_amd64.whl", hash = "sha256:d6ca73c0dec72038290faa6de17d57d771535eb47c22346e170dffcb82d696bb"},
    {file = "mecab_python3-1.0.4-cp38-cp38-macosx_10_14_x86_64.whl", hash = "sha256:18e14dfe3d8c66cfa1c9f49e3bc8ac480b79a433ec9e5b5d2c1fb73f36ec7c3e"},
    {file = "mecab_python3-1.0.4-cp38-cp38-manylinux_2_17_aarch64.manylinux2014_aarch64.whl", hash = "sha256:221256b84be0ee29dc8fa450210236b40707b9d63cfc70de5102d2531622d062"},
    {file = "mecab_python3-1.0.4-cp38-cp38-manylinux_2_5_x86_64.manylinux1_x86_64.whl", hash = "sha256:de39b82f44d97fc0fd636644ad14c9662f51afcd73775379d5a8b1eb20ee85a6"},
    {file = "mecab_python3-1.0.4-cp38-cp38-win_amd64.whl", hash = "sha256:96d9e8c098401fb4b5bd32258f4952f3b22cdb30ab291f5ff82eae1d0941cbed"},
    {file = "mecab_python3-1.0.4-cp39-cp39-macosx_10_14_x86_64.whl", hash = "sha256:dcd62ebf2eecde1263119b92ff5379a046bb8231cb999fafda00f0925dfcb67e"},
    {file = "mecab_python3-1.0.4-cp39-cp39-manylinux_2_17_aarch64.manylinux2014_aarch64.whl", hash = "sha256:178b632b717e3249054a7ad4c0fbc60ce8493d357afa7673d535ffa11e45eaba"},
    {file = "mecab_python3-1.0.4-cp39-cp39-manylinux_2_5_x86_64.manylinux1_x86_64.whl", hash = "sha256:fbfad60261ad3b9390b8615528fc013302a3e8febba220f799216c1a1154ee7e"},
    {file = "mecab_python3-1.0.4-cp39-cp39-win_amd64.whl", hash = "sha256:445b4f5ee5674d85f6de2726ec28991801844ff71eb096129da5f5ba077d5a87"},
]
numpy = [
    {file = "numpy-1.22.2-cp310-cp310-macosx_10_14_x86_64.whl", hash = "sha256:515a8b6edbb904594685da6e176ac9fbea8f73a5ebae947281de6613e27f1956"},
    {file = "numpy-1.22.2-cp310-cp310-macosx_11_0_arm64.whl", hash = "sha256:76a4f9bce0278becc2da7da3b8ef854bed41a991f4226911a24a9711baad672c"},
    {file = "numpy-1.22.2-cp310-cp310-manylinux_2_17_aarch64.manylinux2014_aarch64.whl", hash = "sha256:168259b1b184aa83a514f307352c25c56af111c269ffc109d9704e81f72e764b"},
    {file = "numpy-1.22.2-cp310-cp310-manylinux_2_17_x86_64.manylinux2014_x86_64.whl", hash = "sha256:3556c5550de40027d3121ebbb170f61bbe19eb639c7ad0c7b482cd9b560cd23b"},
    {file = "numpy-1.22.2-cp310-cp310-win_amd64.whl", hash = "sha256:aafa46b5a39a27aca566198d3312fb3bde95ce9677085efd02c86f7ef6be4ec7"},
    {file = "numpy-1.22.2-cp38-cp38-macosx_10_14_x86_64.whl", hash = "sha256:55535c7c2f61e2b2fc817c5cbe1af7cb907c7f011e46ae0a52caa4be1f19afe2"},
    {file = "numpy-1.22.2-cp38-cp38-macosx_11_0_arm64.whl", hash = "sha256:60cb8e5933193a3cc2912ee29ca331e9c15b2da034f76159b7abc520b3d1233a"},
    {file = "numpy-1.22.2-cp38-cp38-manylinux_2_17_aarch64.manylinux2014_aarch64.whl", hash = "sha256:0b536b6840e84c1c6a410f3a5aa727821e6108f3454d81a5cd5900999ef04f89"},
    {file = "numpy-1.22.2-cp38-cp38-manylinux_2_17_x86_64.manylinux2014_x86_64.whl", hash = "sha256:2638389562bda1635b564490d76713695ff497242a83d9b684d27bb4a6cc9d7a"},
    {file = "numpy-1.22.2-cp38-cp38-win32.whl", hash = "sha256:6767ad399e9327bfdbaa40871be4254d1995f4a3ca3806127f10cec778bd9896"},
    {file = "numpy-1.22.2-cp38-cp38-win_amd64.whl", hash = "sha256:03ae5850619abb34a879d5f2d4bb4dcd025d6d8fb72f5e461dae84edccfe129f"},
    {file = "numpy-1.22.2-cp39-cp39-macosx_10_14_x86_64.whl", hash = "sha256:d76a26c5118c4d96e264acc9e3242d72e1a2b92e739807b3b69d8d47684b6677"},
    {file = "numpy-1.22.2-cp39-cp39-macosx_11_0_arm64.whl", hash = "sha256:15efb7b93806d438e3bc590ca8ef2f953b0ce4f86f337ef4559d31ec6cf9d7dd"},
    {file = "numpy-1.22.2-cp39-cp39-manylinux_2_17_aarch64.manylinux2014_aarch64.whl", hash = "sha256:badca914580eb46385e7f7e4e426fea6de0a37b9e06bec252e481ae7ec287082"},
    {file = "numpy-1.22.2-cp39-cp39-manylinux_2_17_x86_64.manylinux2014_x86_64.whl", hash = "sha256:94dd11d9f13ea1be17bac39c1942f527cbf7065f94953cf62dfe805653da2f8f"},
    {file = "numpy-1.22.2-cp39-cp39-win32.whl", hash = "sha256:8cf33634b60c9cef346663a222d9841d3bbbc0a2f00221d6bcfd0d993d5543f6"},
    {file = "numpy-1.22.2-cp39-cp39-win_amd64.whl", hash = "sha256:59153979d60f5bfe9e4c00e401e24dfe0469ef8da6d68247439d3278f30a180f"},
    {file = "numpy-1.22.2-pp38-pypy38_pp73-manylinux_2_17_x86_64.manylinux2014_x86_64.whl", hash = "sha256:4a176959b6e7e00b5a0d6f549a479f869829bfd8150282c590deee6d099bbb6e"},
    {file = "numpy-1.22.2.zip", hash = "sha256:076aee5a3763d41da6bef9565fdf3cb987606f567cd8b104aded2b38b7b47abf"},
]
onnx = [
    {file = "onnx-1.10.2-cp36-cp36m-macosx_10_12_x86_64.whl", hash = "sha256:898915bcba9c1d54abef00f4ea7d60e59fdb2d21d49e7493acac40c121eca4df"},
    {file = "onnx-1.10.2-cp36-cp36m-manylinux_2_12_i686.manylinux2010_i686.whl", hash = "sha256:86baab35fc1a317369f2a0cd3816c0eeb9036c29f9a27ed5e8f6935e67cbf0a8"},
    {file = "onnx-1.10.2-cp36-cp36m-manylinux_2_12_x86_64.manylinux2010_x86_64.whl", hash = "sha256:186abf5e9189b4b011da290c6d83d5499adefac8f6a07f5d596a192b4c911098"},
    {file = "onnx-1.10.2-cp36-cp36m-manylinux_2_17_aarch64.manylinux2014_aarch64.whl", hash = "sha256:48a747b247bc626e049341b8e8c4aeac20aa2306d6b8dff9c9e53a6b14931f1e"},
    {file = "onnx-1.10.2-cp36-cp36m-win32.whl", hash = "sha256:63aee84aed68c8e14583af48c79d99405844034043dee1efbd1937a78dfa7f6b"},
    {file = "onnx-1.10.2-cp36-cp36m-win_amd64.whl", hash = "sha256:7e59a6da6e437488059080babc9d96cde7c929cc758ffe4b0171aceaea559ada"},
    {file = "onnx-1.10.2-cp37-cp37m-macosx_10_12_x86_64.whl", hash = "sha256:358fc6f71841e30ca793a0c1bcd3d0b9c62e436e215773e77a301acb6106cbda"},
    {file = "onnx-1.10.2-cp37-cp37m-manylinux_2_12_i686.manylinux2010_i686.whl", hash = "sha256:1e2f92a77d84ae84d25ac84ec84a77b53e427cc7b2eb72ed7d56f2204f885715"},
    {file = "onnx-1.10.2-cp37-cp37m-manylinux_2_12_x86_64.manylinux2010_x86_64.whl", hash = "sha256:6205849c935837a934a9ec1fd994f1e858ad7d253e02d0bacbe4add211e4255d"},
    {file = "onnx-1.10.2-cp37-cp37m-manylinux_2_17_aarch64.manylinux2014_aarch64.whl", hash = "sha256:cc830b15fe11846911fdf068460fd5f20b0f711c8b4c575c68478a6bf2884304"},
    {file = "onnx-1.10.2-cp37-cp37m-win32.whl", hash = "sha256:796fa0b80f108f2824cccf5c7298895a925aaea7831330a0bd720ceffc7be3c6"},
    {file = "onnx-1.10.2-cp37-cp37m-win_amd64.whl", hash = "sha256:24e654cca4c7285ea339fae15998dd33a5b9e57831d8ecb0bdb1f439c61c5736"},
    {file = "onnx-1.10.2-cp38-cp38-macosx_10_12_x86_64.whl", hash = "sha256:3b73128c269ef84694099dad2b06568f2672ce95761a51e0225401695dc2c136"},
    {file = "onnx-1.10.2-cp38-cp38-manylinux_2_12_i686.manylinux2010_i686.whl", hash = "sha256:4a53055b8f13747b607dbf835914c2bd60fa7214ee719893b003ceb5fc903220"},
    {file = "onnx-1.10.2-cp38-cp38-manylinux_2_12_x86_64.manylinux2010_x86_64.whl", hash = "sha256:a86e3f956e2a1d39772ae36d28c5b7f20fb6a883ae35971ada261b25548a8b32"},
    {file = "onnx-1.10.2-cp38-cp38-manylinux_2_17_aarch64.manylinux2014_aarch64.whl", hash = "sha256:bd31e61ba95c62548543d8de2007fcb18fd2f017a9a36f712bbc08ddad1f25f4"},
    {file = "onnx-1.10.2-cp38-cp38-win32.whl", hash = "sha256:57f93db536766b1dcfeee583c02bd86c9f1c9a652253bd4f9bf189a39446de1c"},
    {file = "onnx-1.10.2-cp38-cp38-win_amd64.whl", hash = "sha256:d0a3951276ac83fde93632303ad0b3b69e10894b69b7fe5eab0361e4f4212627"},
    {file = "onnx-1.10.2-cp39-cp39-macosx_10_12_x86_64.whl", hash = "sha256:4138093cbf11e4300b7a7679aedfe1972f81abeb284a731e90dffdf3ef6c5ca3"},
    {file = "onnx-1.10.2-cp39-cp39-manylinux_2_12_i686.manylinux2010_i686.whl", hash = "sha256:38e7d106fa98921faf909c2908bfd022eb2c594ecfbd275b60f80e0161cb8476"},
    {file = "onnx-1.10.2-cp39-cp39-manylinux_2_12_x86_64.manylinux2010_x86_64.whl", hash = "sha256:526de93b57dd65b136bec85d5b4c6fa4455d6d817bb319b54797d29111b9c407"},
    {file = "onnx-1.10.2-cp39-cp39-manylinux_2_17_aarch64.manylinux2014_aarch64.whl", hash = "sha256:ce14dbe32a250b7691751e809c232b9a206da138ac055e24b9e60a1500b4d5b8"},
    {file = "onnx-1.10.2-cp39-cp39-win32.whl", hash = "sha256:253fd36cbcfcbbbe00e55dde7a09995b22fc2cc825f6de28e5ef9c47f581f264"},
    {file = "onnx-1.10.2-cp39-cp39-win_amd64.whl", hash = "sha256:0c176ef6e0c3b6bdfb69a43a66dcb8e6ba687437e302c79b4efb75027e1007dc"},
    {file = "onnx-1.10.2.tar.gz", hash = "sha256:24d73ca7dfd7e6c7339944f89554b4010719899337924fca1447d8f1b5db50d6"},
]
onnxconverter-common = [
    {file = "onnxconverter-common-1.9.0.tar.gz", hash = "sha256:8e129c3602d1ef7619c5f3d34a53005b997137ea769362f1f8dd1ddab57ed216"},
    {file = "onnxconverter_common-1.9.0-py2.py3-none-any.whl", hash = "sha256:02b58ca3351fba4eddf8503e1421cfecd4ddcf2074aea4d58e3b2410e6f67ce5"},
]
onnxmltools = [
    {file = "onnxmltools-1.10.0-py2.py3-none-any.whl", hash = "sha256:9bede96c469ee02a9e343a2f5196a9db43c1090b78f92ed94fcd8e36e3aae7ec"},
    {file = "onnxmltools-1.10.0.tar.gz", hash = "sha256:4eb4605f18ed66553fc17438ac8cf5406d66dcc624bedd76d8067e1b08e6c75d"},
]
onnxruntime = [
    {file = "onnxruntime-1.10.0-cp36-cp36m-manylinux_2_17_aarch64.manylinux2014_aarch64.whl", hash = "sha256:aa5dec9c7c4fd5b8b9b77768c0f493fe730c7c277fd919c00578afa073d3f1b2"},
    {file = "onnxruntime-1.10.0-cp36-cp36m-manylinux_2_17_x86_64.manylinux2014_x86_64.whl", hash = "sha256:bbf9eaa6db369b52960c012fd8a8b6cca862a4deb42fdb5e1fa2ffb749c2274c"},
    {file = "onnxruntime-1.10.0-cp36-cp36m-win32.whl", hash = "sha256:dbab3f8cf8d4f0ee5ecea27dbd0536521322b44a7dbf67e4c1e6fc1e43fac97c"},
    {file = "onnxruntime-1.10.0-cp36-cp36m-win_amd64.whl", hash = "sha256:cf9599f58dab002dbe792b42c6bb6765b70795a87b40dcdbd5c180eb535a1099"},
    {file = "onnxruntime-1.10.0-cp37-cp37m-macosx_10_14_x86_64.whl", hash = "sha256:d733a687ee8117556ff0e60d7d3b2151c727f2ccf38dca1f5d71049800a02221"},
    {file = "onnxruntime-1.10.0-cp37-cp37m-manylinux_2_17_aarch64.manylinux2014_aarch64.whl", hash = "sha256:ccc3240c0c9d662f04bd56e593c1bbad84c84a40b1c9f965d39cd857290468a9"},
    {file = "onnxruntime-1.10.0-cp37-cp37m-manylinux_2_17_x86_64.manylinux2014_x86_64.whl", hash = "sha256:69d0d5785c779f63b4cef2890a9eb47ad178ba1d7f7fd5028dacb5fc1467c537"},
    {file = "onnxruntime-1.10.0-cp37-cp37m-win32.whl", hash = "sha256:753fbf64436ce93c750e817d8469ff4740adf18caec2822568687563f63ccff9"},
    {file = "onnxruntime-1.10.0-cp37-cp37m-win_amd64.whl", hash = "sha256:2f9ab7deab0c44e2b02f3eb8a0b3bee4374575a6c4bb4b2928d5ffcc305f430a"},
    {file = "onnxruntime-1.10.0-cp38-cp38-macosx_10_14_x86_64.whl", hash = "sha256:2419563e9fc4f5b7dedd4b70d2249a952001c33f3186b83212ad2a7a0824c9b4"},
    {file = "onnxruntime-1.10.0-cp38-cp38-manylinux_2_17_aarch64.manylinux2014_aarch64.whl", hash = "sha256:618c84c6bff73fd6dd6fcf304eb24a804df6c11f512ddead4cc73074b60012b8"},
    {file = "onnxruntime-1.10.0-cp38-cp38-manylinux_2_17_x86_64.manylinux2014_x86_64.whl", hash = "sha256:3913769691f7f20e13070d65bfddd9f85f862274fcc17312c3b7d3fee8af21d8"},
    {file = "onnxruntime-1.10.0-cp38-cp38-win32.whl", hash = "sha256:f7265bcd62f154f891f745d96f686ed92a0c0ca5589dc14f9203ae847e932792"},
    {file = "onnxruntime-1.10.0-cp38-cp38-win_amd64.whl", hash = "sha256:df0c434f4a40212e87003b1b6f38a152d2f1d6447c261cd32c28434dd765c41c"},
    {file = "onnxruntime-1.10.0-cp39-cp39-macosx_10_14_x86_64.whl", hash = "sha256:44e6dbe8a375b1d506f5ec9867f48d4ebe20f70156b31aed2025b9db4b06e2e3"},
    {file = "onnxruntime-1.10.0-cp39-cp39-manylinux_2_17_aarch64.manylinux2014_aarch64.whl", hash = "sha256:d5b0d3cf319c038b9f4479235dcf842d959f1248be48953f478822ac48a60617"},
    {file = "onnxruntime-1.10.0-cp39-cp39-manylinux_2_17_x86_64.manylinux2014_x86_64.whl", hash = "sha256:34cfb07a8af91b3b7f82ad9db8f6dce67f0bd672cdaf659d0fd86aaba7a021d9"},
    {file = "onnxruntime-1.10.0-cp39-cp39-win32.whl", hash = "sha256:1fb57101581eaec64d335d0675908fd41cae91b496475fc96fc5bb2a58844e5b"},
    {file = "onnxruntime-1.10.0-cp39-cp39-win_amd64.whl", hash = "sha256:4087da19d2bb03ede012b9fd5f77f3b41f3ff500d2359d3d6361d593e47be59a"},
]
pandas = [
    {file = "pandas-1.4.0-cp310-cp310-macosx_10_9_universal2.whl", hash = "sha256:de62cf699122dcef175988f0714678e59c453dc234c5b47b7136bfd7641e3c8c"},
    {file = "pandas-1.4.0-cp310-cp310-macosx_10_9_x86_64.whl", hash = "sha256:46a18572f3e1cb75db59d9461940e9ba7ee38967fa48dd58f4139197f6e32280"},
    {file = "pandas-1.4.0-cp310-cp310-macosx_11_0_arm64.whl", hash = "sha256:73f7da2ccc38cc988b74e5400b430b7905db5f2c413ff215506bea034eaf832d"},
    {file = "pandas-1.4.0-cp310-cp310-manylinux_2_17_aarch64.manylinux2014_aarch64.whl", hash = "sha256:5229c95db3a907451dacebc551492db6f7d01743e49bbc862f4a6010c227d187"},
    {file = "pandas-1.4.0-cp310-cp310-manylinux_2_17_x86_64.manylinux2014_x86_64.whl", hash = "sha256:fe454180ad31bbbe1e5d111b44443258730467f035e26b4e354655ab59405871"},
    {file = "pandas-1.4.0-cp310-cp310-win_amd64.whl", hash = "sha256:784cca3f69cfd7f6bd7c7fdb44f2bbab17e6de55725e9ff36d6f382510dfefb5"},
    {file = "pandas-1.4.0-cp38-cp38-macosx_10_9_universal2.whl", hash = "sha256:de8f8999864399529e8514a2e6bfe00fd161f0a667903655552ed12e583ae3cb"},
    {file = "pandas-1.4.0-cp38-cp38-macosx_10_9_x86_64.whl", hash = "sha256:0f19504f2783526fb5b4de675ea69d68974e21c1624f4b92295d057a31d5ec5f"},
    {file = "pandas-1.4.0-cp38-cp38-macosx_11_0_arm64.whl", hash = "sha256:f045bb5c6bfaba536089573bf97d6b8ccc7159d951fe63904c395a5e486fbe14"},
    {file = "pandas-1.4.0-cp38-cp38-manylinux_2_17_aarch64.manylinux2014_aarch64.whl", hash = "sha256:5280d057ddae06fe4a3cd6aa79040b8c205cd6dd21743004cf8635f39ed01712"},
    {file = "pandas-1.4.0-cp38-cp38-manylinux_2_17_x86_64.manylinux2014_x86_64.whl", hash = "sha256:1f3b74335390dda49f5d5089fab71958812bf56f42aa27663ee4c16d19f4f1c5"},
    {file = "pandas-1.4.0-cp38-cp38-win32.whl", hash = "sha256:51e5da3802aaee1aa4254108ffaf1129a15fb3810b7ce8da1ec217c655b418f5"},
    {file = "pandas-1.4.0-cp38-cp38-win_amd64.whl", hash = "sha256:f103a5cdcd66cb18882ccdc18a130c31c3cfe3529732e7f10a8ab3559164819c"},
    {file = "pandas-1.4.0-cp39-cp39-macosx_10_9_universal2.whl", hash = "sha256:4a8d5a200f8685e7ea562b2f022c77ab7cb82c1ca5b240e6965faa6f84e5c1e9"},
    {file = "pandas-1.4.0-cp39-cp39-macosx_10_9_x86_64.whl", hash = "sha256:b5af258c7b090cca7b742cf2bd67ad1919aa9e4e681007366c9edad2d6a3d42b"},
    {file = "pandas-1.4.0-cp39-cp39-macosx_11_0_arm64.whl", hash = "sha256:156aac90dd7b303bf0b91bae96c0503212777f86c731e41929c571125d26c8e9"},
    {file = "pandas-1.4.0-cp39-cp39-manylinux_2_17_aarch64.manylinux2014_aarch64.whl", hash = "sha256:2dad075089e17a72391de33021ad93720aff258c3c4b68c78e1cafce7e447045"},
    {file = "pandas-1.4.0-cp39-cp39-manylinux_2_17_x86_64.manylinux2014_x86_64.whl", hash = "sha256:1d59c958d6b8f96fdf850c7821571782168d5acfe75ccf78cd8d1ac15fb921df"},
    {file = "pandas-1.4.0-cp39-cp39-win32.whl", hash = "sha256:55ec0e192eefa26d823fc25a1f213d6c304a3592915f368e360652994cdb8d9a"},
    {file = "pandas-1.4.0-cp39-cp39-win_amd64.whl", hash = "sha256:23c04dab11f3c6359cfa7afa83d3d054a8f8c283d773451184d98119ef54da97"},
    {file = "pandas-1.4.0.tar.gz", hash = "sha256:cdd76254c7f0a1583bd4e4781fb450d0ebf392e10d3f12e92c95575942e37df5"},
]
protobuf = [
    {file = "protobuf-3.19.4-cp310-cp310-macosx_10_9_universal2.whl", hash = "sha256:f51d5a9f137f7a2cec2d326a74b6e3fc79d635d69ffe1b036d39fc7d75430d37"},
    {file = "protobuf-3.19.4-cp310-cp310-manylinux2014_aarch64.whl", hash = "sha256:09297b7972da685ce269ec52af761743714996b4381c085205914c41fcab59fb"},
    {file = "protobuf-3.19.4-cp310-cp310-manylinux_2_17_x86_64.manylinux2014_x86_64.whl", hash = "sha256:072fbc78d705d3edc7ccac58a62c4c8e0cec856987da7df8aca86e647be4e35c"},
    {file = "protobuf-3.19.4-cp310-cp310-win32.whl", hash = "sha256:7bb03bc2873a2842e5ebb4801f5c7ff1bfbdf426f85d0172f7644fcda0671ae0"},
    {file = "protobuf-3.19.4-cp310-cp310-win_amd64.whl", hash = "sha256:f358aa33e03b7a84e0d91270a4d4d8f5df6921abe99a377828839e8ed0c04e07"},
    {file = "protobuf-3.19.4-cp36-cp36m-macosx_10_9_x86_64.whl", hash = "sha256:1c91ef4110fdd2c590effb5dca8fdbdcb3bf563eece99287019c4204f53d81a4"},
    {file = "protobuf-3.19.4-cp36-cp36m-manylinux_2_17_x86_64.manylinux2014_x86_64.whl", hash = "sha256:c438268eebb8cf039552897d78f402d734a404f1360592fef55297285f7f953f"},
    {file = "protobuf-3.19.4-cp36-cp36m-win32.whl", hash = "sha256:835a9c949dc193953c319603b2961c5c8f4327957fe23d914ca80d982665e8ee"},
    {file = "protobuf-3.19.4-cp36-cp36m-win_amd64.whl", hash = "sha256:4276cdec4447bd5015453e41bdc0c0c1234eda08420b7c9a18b8d647add51e4b"},
    {file = "protobuf-3.19.4-cp37-cp37m-macosx_10_9_x86_64.whl", hash = "sha256:6cbc312be5e71869d9d5ea25147cdf652a6781cf4d906497ca7690b7b9b5df13"},
    {file = "protobuf-3.19.4-cp37-cp37m-manylinux2014_aarch64.whl", hash = "sha256:54a1473077f3b616779ce31f477351a45b4fef8c9fd7892d6d87e287a38df368"},
    {file = "protobuf-3.19.4-cp37-cp37m-manylinux_2_17_x86_64.manylinux2014_x86_64.whl", hash = "sha256:435bb78b37fc386f9275a7035fe4fb1364484e38980d0dd91bc834a02c5ec909"},
    {file = "protobuf-3.19.4-cp37-cp37m-win32.whl", hash = "sha256:16f519de1313f1b7139ad70772e7db515b1420d208cb16c6d7858ea989fc64a9"},
    {file = "protobuf-3.19.4-cp37-cp37m-win_amd64.whl", hash = "sha256:cdc076c03381f5c1d9bb1abdcc5503d9ca8b53cf0a9d31a9f6754ec9e6c8af0f"},
    {file = "protobuf-3.19.4-cp38-cp38-macosx_10_9_x86_64.whl", hash = "sha256:69da7d39e39942bd52848438462674c463e23963a1fdaa84d88df7fbd7e749b2"},
    {file = "protobuf-3.19.4-cp38-cp38-manylinux2014_aarch64.whl", hash = "sha256:48ed3877fa43e22bcacc852ca76d4775741f9709dd9575881a373bd3e85e54b2"},
    {file = "protobuf-3.19.4-cp38-cp38-manylinux_2_17_x86_64.manylinux2014_x86_64.whl", hash = "sha256:bd95d1dfb9c4f4563e6093a9aa19d9c186bf98fa54da5252531cc0d3a07977e7"},
    {file = "protobuf-3.19.4-cp38-cp38-win32.whl", hash = "sha256:b38057450a0c566cbd04890a40edf916db890f2818e8682221611d78dc32ae26"},
    {file = "protobuf-3.19.4-cp38-cp38-win_amd64.whl", hash = "sha256:7ca7da9c339ca8890d66958f5462beabd611eca6c958691a8fe6eccbd1eb0c6e"},
    {file = "protobuf-3.19.4-cp39-cp39-macosx_10_9_x86_64.whl", hash = "sha256:36cecbabbda242915529b8ff364f2263cd4de7c46bbe361418b5ed859677ba58"},
    {file = "protobuf-3.19.4-cp39-cp39-manylinux2014_aarch64.whl", hash = "sha256:c1068287025f8ea025103e37d62ffd63fec8e9e636246b89c341aeda8a67c934"},
    {file = "protobuf-3.19.4-cp39-cp39-manylinux_2_17_x86_64.manylinux2014_x86_64.whl", hash = "sha256:96bd766831596d6014ca88d86dc8fe0fb2e428c0b02432fd9db3943202bf8c5e"},
    {file = "protobuf-3.19.4-cp39-cp39-win32.whl", hash = "sha256:84123274d982b9e248a143dadd1b9815049f4477dc783bf84efe6250eb4b836a"},
    {file = "protobuf-3.19.4-cp39-cp39-win_amd64.whl", hash = "sha256:3112b58aac3bac9c8be2b60a9daf6b558ca3f7681c130dcdd788ade7c9ffbdca"},
    {file = "protobuf-3.19.4-py2.py3-none-any.whl", hash = "sha256:8961c3a78ebfcd000920c9060a262f082f29838682b1f7201889300c1fbe0616"},
    {file = "protobuf-3.19.4.tar.gz", hash = "sha256:9df0c10adf3e83015ced42a9a7bd64e13d06c4cf45c340d2c63020ea04499d0a"},
]
python-dateutil = [
    {file = "python-dateutil-2.8.2.tar.gz", hash = "sha256:0123cacc1627ae19ddf3c27a5de5bd67ee4586fbdd6440d9748f8abb483d3e86"},
    {file = "python_dateutil-2.8.2-py2.py3-none-any.whl", hash = "sha256:961d03dc3453ebbc59dbdea9e4e11c5651520a876d0f4db161e8674aae935da9"},
]
pytz = [
    {file = "pytz-2021.3-py2.py3-none-any.whl", hash = "sha256:3672058bc3453457b622aab7a1c3bfd5ab0bdae451512f6cf25f64ed37f5b87c"},
    {file = "pytz-2021.3.tar.gz", hash = "sha256:acad2d8b20a1af07d4e4c9d2e9285c5ed9104354062f275f3fcd88dcef4f1326"},
]
scikit-learn = [
    {file = "scikit-learn-1.0.2.tar.gz", hash = "sha256:b5870959a5484b614f26d31ca4c17524b1b0317522199dc985c3b4256e030767"},
    {file = "scikit_learn-1.0.2-cp310-cp310-macosx_10_13_x86_64.whl", hash = "sha256:da3c84694ff693b5b3194d8752ccf935a665b8b5edc33a283122f4273ca3e687"},
    {file = "scikit_learn-1.0.2-cp310-cp310-macosx_12_0_arm64.whl", hash = "sha256:75307d9ea39236cad7eea87143155eea24d48f93f3a2f9389c817f7019f00705"},
    {file = "scikit_learn-1.0.2-cp310-cp310-manylinux_2_17_aarch64.manylinux2014_aarch64.whl", hash = "sha256:f14517e174bd7332f1cca2c959e704696a5e0ba246eb8763e6c24876d8710049"},
    {file = "scikit_learn-1.0.2-cp310-cp310-manylinux_2_17_x86_64.manylinux2014_x86_64.whl", hash = "sha256:d9aac97e57c196206179f674f09bc6bffcd0284e2ba95b7fe0b402ac3f986023"},
    {file = "scikit_learn-1.0.2-cp310-cp310-win_amd64.whl", hash = "sha256:d93d4c28370aea8a7cbf6015e8a669cd5d69f856cc2aa44e7a590fb805bb5583"},
    {file = "scikit_learn-1.0.2-cp37-cp37m-macosx_10_13_x86_64.whl", hash = "sha256:85260fb430b795d806251dd3bb05e6f48cdc777ac31f2bcf2bc8bbed3270a8f5"},
    {file = "scikit_learn-1.0.2-cp37-cp37m-manylinux_2_12_i686.manylinux2010_i686.whl", hash = "sha256:a053a6a527c87c5c4fa7bf1ab2556fa16d8345cf99b6c5a19030a4a7cd8fd2c0"},
    {file = "scikit_learn-1.0.2-cp37-cp37m-manylinux_2_12_x86_64.manylinux2010_x86_64.whl", hash = "sha256:245c9b5a67445f6f044411e16a93a554edc1efdcce94d3fc0bc6a4b9ac30b752"},
    {file = "scikit_learn-1.0.2-cp37-cp37m-manylinux_2_17_aarch64.manylinux2014_aarch64.whl", hash = "sha256:158faf30684c92a78e12da19c73feff9641a928a8024b4fa5ec11d583f3d8a87"},
    {file = "scikit_learn-1.0.2-cp37-cp37m-manylinux_2_17_i686.manylinux2014_i686.whl", hash = "sha256:08ef968f6b72033c16c479c966bf37ccd49b06ea91b765e1cc27afefe723920b"},
    {file = "scikit_learn-1.0.2-cp37-cp37m-manylinux_2_17_x86_64.manylinux2014_x86_64.whl", hash = "sha256:16455ace947d8d9e5391435c2977178d0ff03a261571e67f627c8fee0f9d431a"},
    {file = "scikit_learn-1.0.2-cp37-cp37m-win32.whl", hash = "sha256:2f3b453e0b149898577e301d27e098dfe1a36943f7bb0ad704d1e548efc3b448"},
    {file = "scikit_learn-1.0.2-cp37-cp37m-win_amd64.whl", hash = "sha256:46f431ec59dead665e1370314dbebc99ead05e1c0a9df42f22d6a0e00044820f"},
    {file = "scikit_learn-1.0.2-cp38-cp38-macosx_10_13_x86_64.whl", hash = "sha256:ff3fa8ea0e09e38677762afc6e14cad77b5e125b0ea70c9bba1992f02c93b028"},
    {file = "scikit_learn-1.0.2-cp38-cp38-macosx_12_0_arm64.whl", hash = "sha256:9369b030e155f8188743eb4893ac17a27f81d28a884af460870c7c072f114243"},
    {file = "scikit_learn-1.0.2-cp38-cp38-manylinux_2_12_i686.manylinux2010_i686.whl", hash = "sha256:7d6b2475f1c23a698b48515217eb26b45a6598c7b1840ba23b3c5acece658dbb"},
    {file = "scikit_learn-1.0.2-cp38-cp38-manylinux_2_12_x86_64.manylinux2010_x86_64.whl", hash = "sha256:285db0352e635b9e3392b0b426bc48c3b485512d3b4ac3c7a44ec2a2ba061e66"},
    {file = "scikit_learn-1.0.2-cp38-cp38-manylinux_2_17_aarch64.manylinux2014_aarch64.whl", hash = "sha256:5cb33fe1dc6f73dc19e67b264dbb5dde2a0539b986435fdd78ed978c14654830"},
    {file = "scikit_learn-1.0.2-cp38-cp38-manylinux_2_17_i686.manylinux2014_i686.whl", hash = "sha256:b1391d1a6e2268485a63c3073111fe3ba6ec5145fc957481cfd0652be571226d"},
    {file = "scikit_learn-1.0.2-cp38-cp38-manylinux_2_17_x86_64.manylinux2014_x86_64.whl", hash = "sha256:bc3744dabc56b50bec73624aeca02e0def06b03cb287de26836e730659c5d29c"},
    {file = "scikit_learn-1.0.2-cp38-cp38-win32.whl", hash = "sha256:a999c9f02ff9570c783069f1074f06fe7386ec65b84c983db5aeb8144356a355"},
    {file = "scikit_learn-1.0.2-cp38-cp38-win_amd64.whl", hash = "sha256:7626a34eabbf370a638f32d1a3ad50526844ba58d63e3ab81ba91e2a7c6d037e"},
    {file = "scikit_learn-1.0.2-cp39-cp39-macosx_10_13_x86_64.whl", hash = "sha256:a90b60048f9ffdd962d2ad2fb16367a87ac34d76e02550968719eb7b5716fd10"},
    {file = "scikit_learn-1.0.2-cp39-cp39-macosx_12_0_arm64.whl", hash = "sha256:7a93c1292799620df90348800d5ac06f3794c1316ca247525fa31169f6d25855"},
    {file = "scikit_learn-1.0.2-cp39-cp39-manylinux_2_12_i686.manylinux2010_i686.whl", hash = "sha256:eabceab574f471de0b0eb3f2ecf2eee9f10b3106570481d007ed1c84ebf6d6a1"},
    {file = "scikit_learn-1.0.2-cp39-cp39-manylinux_2_12_x86_64.manylinux2010_x86_64.whl", hash = "sha256:55f2f3a8414e14fbee03782f9fe16cca0f141d639d2b1c1a36779fa069e1db57"},
    {file = "scikit_learn-1.0.2-cp39-cp39-manylinux_2_17_aarch64.manylinux2014_aarch64.whl", hash = "sha256:80095a1e4b93bd33261ef03b9bc86d6db649f988ea4dbcf7110d0cded8d7213d"},
    {file = "scikit_learn-1.0.2-cp39-cp39-manylinux_2_17_i686.manylinux2014_i686.whl", hash = "sha256:fa38a1b9b38ae1fad2863eff5e0d69608567453fdfc850c992e6e47eb764e846"},
    {file = "scikit_learn-1.0.2-cp39-cp39-manylinux_2_17_x86_64.manylinux2014_x86_64.whl", hash = "sha256:ff746a69ff2ef25f62b36338c615dd15954ddc3ab8e73530237dd73235e76d62"},
    {file = "scikit_learn-1.0.2-cp39-cp39-win32.whl", hash = "sha256:e174242caecb11e4abf169342641778f68e1bfaba80cd18acd6bc84286b9a534"},
    {file = "scikit_learn-1.0.2-cp39-cp39-win_amd64.whl", hash = "sha256:b54a62c6e318ddbfa7d22c383466d38d2ee770ebdb5ddb668d56a099f6eaf75f"},
]
scipy = [
    {file = "scipy-1.6.1-cp37-cp37m-macosx_10_9_x86_64.whl", hash = "sha256:a15a1f3fc0abff33e792d6049161b7795909b40b97c6cc2934ed54384017ab76"},
    {file = "scipy-1.6.1-cp37-cp37m-manylinux1_i686.whl", hash = "sha256:e79570979ccdc3d165456dd62041d9556fb9733b86b4b6d818af7a0afc15f092"},
    {file = "scipy-1.6.1-cp37-cp37m-manylinux1_x86_64.whl", hash = "sha256:a423533c55fec61456dedee7b6ee7dce0bb6bfa395424ea374d25afa262be261"},
    {file = "scipy-1.6.1-cp37-cp37m-manylinux2014_aarch64.whl", hash = "sha256:33d6b7df40d197bdd3049d64e8e680227151673465e5d85723b3b8f6b15a6ced"},
    {file = "scipy-1.6.1-cp37-cp37m-win32.whl", hash = "sha256:6725e3fbb47da428794f243864f2297462e9ee448297c93ed1dcbc44335feb78"},
    {file = "scipy-1.6.1-cp37-cp37m-win_amd64.whl", hash = "sha256:5fa9c6530b1661f1370bcd332a1e62ca7881785cc0f80c0d559b636567fab63c"},
    {file = "scipy-1.6.1-cp38-cp38-macosx_10_9_x86_64.whl", hash = "sha256:bd50daf727f7c195e26f27467c85ce653d41df4358a25b32434a50d8870fc519"},
    {file = "scipy-1.6.1-cp38-cp38-manylinux1_i686.whl", hash = "sha256:f46dd15335e8a320b0fb4685f58b7471702234cba8bb3442b69a3e1dc329c345"},
    {file = "scipy-1.6.1-cp38-cp38-manylinux1_x86_64.whl", hash = "sha256:0e5b0ccf63155d90da576edd2768b66fb276446c371b73841e3503be1d63fb5d"},
    {file = "scipy-1.6.1-cp38-cp38-manylinux2014_aarch64.whl", hash = "sha256:2481efbb3740977e3c831edfd0bd9867be26387cacf24eb5e366a6a374d3d00d"},
    {file = "scipy-1.6.1-cp38-cp38-win32.whl", hash = "sha256:68cb4c424112cd4be886b4d979c5497fba190714085f46b8ae67a5e4416c32b4"},
    {file = "scipy-1.6.1-cp38-cp38-win_amd64.whl", hash = "sha256:5f331eeed0297232d2e6eea51b54e8278ed8bb10b099f69c44e2558c090d06bf"},
    {file = "scipy-1.6.1-cp39-cp39-macosx_10_9_x86_64.whl", hash = "sha256:0c8a51d33556bf70367452d4d601d1742c0e806cd0194785914daf19775f0e67"},
    {file = "scipy-1.6.1-cp39-cp39-manylinux1_i686.whl", hash = "sha256:83bf7c16245c15bc58ee76c5418e46ea1811edcc2e2b03041b804e46084ab627"},
    {file = "scipy-1.6.1-cp39-cp39-manylinux1_x86_64.whl", hash = "sha256:794e768cc5f779736593046c9714e0f3a5940bc6dcc1dba885ad64cbfb28e9f0"},
    {file = "scipy-1.6.1-cp39-cp39-manylinux2014_aarch64.whl", hash = "sha256:5da5471aed911fe7e52b86bf9ea32fb55ae93e2f0fac66c32e58897cfb02fa07"},
    {file = "scipy-1.6.1-cp39-cp39-win32.whl", hash = "sha256:8e403a337749ed40af60e537cc4d4c03febddcc56cd26e774c9b1b600a70d3e4"},
    {file = "scipy-1.6.1-cp39-cp39-win_amd64.whl", hash = "sha256:a5193a098ae9f29af283dcf0041f762601faf2e595c0db1da929875b7570353f"},
    {file = "scipy-1.6.1.tar.gz", hash = "sha256:c4fceb864890b6168e79b0e714c585dbe2fd4222768ee90bc1aa0f8218691b11"},
]
six = [
    {file = "six-1.16.0-py2.py3-none-any.whl", hash = "sha256:8abb2f1d86890a2dfb989f9a77cfcfd3e47c2a354b01111771326f8aa26e0254"},
    {file = "six-1.16.0.tar.gz", hash = "sha256:1e61c37477a1626458e36f7b1d82aa5c9b094fa4802892072e49de9c60c4c926"},
]
skl2onnx = [
    {file = "skl2onnx-1.10.4-py2.py3-none-any.whl", hash = "sha256:e737d21217bb2f488e8ee09993d0701f106162d3a20e69a10bba2d0d48bf84d0"},
    {file = "skl2onnx-1.10.4.tar.gz", hash = "sha256:6d6c0edc644da0214fa773ea4df70eaa7d55210eac5984071b4ca6a4ff04b27c"},
]
threadpoolctl = [
    {file = "threadpoolctl-3.1.0-py3-none-any.whl", hash = "sha256:8b99adda265feb6773280df41eece7b2e6561b772d21ffd52e372f999024907b"},
    {file = "threadpoolctl-3.1.0.tar.gz", hash = "sha256:a335baacfaa4400ae1f0d8e3a58d6674d2f8828e3716bb2802c44955ad391380"},
]
typing-extensions = [
    {file = "typing_extensions-4.0.1-py3-none-any.whl", hash = "sha256:7f001e5ac290a0c0401508864c7ec868be4e701886d5b573a9528ed3973d9d3b"},
    {file = "typing_extensions-4.0.1.tar.gz", hash = "sha256:4ca091dea149f945ec56afb48dae714f21e8692ef22a395223bcd328961b6a0e"},
]
